{
  "name": "antigravity-autopilot",
  "version": "1.4.6",
  "lockfileVersion": 3,
  "requires": true,
  "packages": {
    "": {
      "name": "antigravity-autopilot",
      "version": "1.4.6",
      "license": "MIT",
      "dependencies": {
        "antigravity-autopilot": "^1.4.6"
      },
      "bin": {
        "antigravity-autopilot": "cli.js"
      },
      "engines": {
        "vscode": "^1.85.0"
      }
    },
    "node_modules/antigravity-autopilot": {
      "version": "1.4.6",
      "resolved": "https://registry.npmjs.org/antigravity-autopilot/-/antigravity-autopilot-1.4.6.tgz",
      "integrity": "sha512-o0BLNmx0WHn0G8oukn5qbgmjQfWv/EnVnTrFFQIFkH4uWuGOPTva96eytGRaUnZNnbur4s5MyWReOTAB1Smubw==",
      "license": "MIT",
      "bin": {
        "antigravity-autopilot": "cli.js"
      },
      "engines": {
        "vscode": "^1.85.0"
      }
    }
  }
}
